PODS:
  - AppAuth (1.4.0):
    - AppAuth/Core (= 1.4.0)
    - AppAuth/ExternalUserAgent (= 1.4.0)
  - AppAuth/Core (1.4.0)
  - AppAuth/ExternalUserAgent (1.4.0)
  - boost-for-react-native (1.63.0)
  - CocoaAsyncSocket (7.6.5)
  - DoubleConversion (1.1.6)
  - FBAEMKit (12.3.2):
    - FBSDKCoreKit_Basics (= 12.3.2)
  - FBLazyVector (0.65.2)
  - FBReactNativeSpec (0.65.2):
    - RCT-Folly (= 2021.04.26.00)
    - RCTRequired (= 0.65.2)
    - RCTTypeSafety (= 0.65.2)
    - React-Core (= 0.65.2)
    - React-jsi (= 0.65.2)
    - ReactCommon/turbomodule/core (= 0.65.2)
  - FBSDKCoreKit (12.3.2):
    - FBAEMKit (= 12.3.2)
    - FBSDKCoreKit_Basics (= 12.3.2)
  - FBSDKCoreKit_Basics (12.3.2)
  - FBSDKLoginKit (12.3.2):
    - FBSDKCoreKit (= 12.3.2)
  - FBSDKShareKit (12.3.2):
    - FBSDKCoreKit (= 12.3.2)
  - Firebase/Auth (8.12.1):
    - Firebase/CoreOnly
    - FirebaseAuth (~> 8.12.0)
  - Firebase/CoreOnly (8.12.1):
    - FirebaseCore (= 8.12.1)
  - FirebaseAuth (8.12.0):
    - FirebaseCore (~> 8.0)
    - GoogleUtilities/AppDelegateSwizzler (~> 7.7)
    - GoogleUtilities/Environment (~> 7.7)
    - GTMSessionFetcher/Core (~> 1.5)
  - FirebaseCore (8.12.1):
    - FirebaseCoreDiagnostics (~> 8.0)
    - GoogleUtilities/Environment (~> 7.7)
    - GoogleUtilities/Logger (~> 7.7)
  - FirebaseCoreDiagnostics (8.12.0):
    - GoogleDataTransport (~> 9.1)
    - GoogleUtilities/Environment (~> 7.7)
    - GoogleUtilities/Logger (~> 7.7)
    - nanopb (~> 2.30908.0)
  - Flipper (0.93.0):
    - Flipper-Folly (~> 2.6)
    - Flipper-RSocket (~> 1.4)
  - Flipper-Boost-iOSX (1.76.0.1.11)
  - Flipper-DoubleConversion (3.1.7)
  - Flipper-Fmt (7.1.7)
  - Flipper-Folly (2.6.7):
    - Flipper-Boost-iOSX
    - Flipper-DoubleConversion
    - Flipper-Fmt (= 7.1.7)
    - Flipper-Glog
    - libevent (~> 2.1.12)
    - OpenSSL-Universal (= 1.1.180)
  - Flipper-Glog (0.3.6)
  - Flipper-PeerTalk (0.0.4)
  - Flipper-RSocket (1.4.3):
    - Flipper-Folly (~> 2.6)
  - FlipperKit (0.93.0):
    - FlipperKit/Core (= 0.93.0)
  - FlipperKit/Core (0.93.0):
    - Flipper (~> 0.93.0)
    - FlipperKit/CppBridge
    - FlipperKit/FBCxxFollyDynamicConvert
    - FlipperKit/FBDefines
    - FlipperKit/FKPortForwarding
  - FlipperKit/CppBridge (0.93.0):
    - Flipper (~> 0.93.0)
  - FlipperKit/FBCxxFollyDynamicConvert (0.93.0):
    - Flipper-Folly (~> 2.6)
  - FlipperKit/FBDefines (0.93.0)
  - FlipperKit/FKPortForwarding (0.93.0):
    - CocoaAsyncSocket (~> 7.6)
    - Flipper-PeerTalk (~> 0.0.4)
  - FlipperKit/FlipperKitHighlightOverlay (0.93.0)
  - FlipperKit/FlipperKitLayoutHelpers (0.93.0):
    - FlipperKit/Core
    - FlipperKit/FlipperKitHighlightOverlay
    - FlipperKit/FlipperKitLayoutTextSearchable
  - FlipperKit/FlipperKitLayoutIOSDescriptors (0.93.0):
    - FlipperKit/Core
    - FlipperKit/FlipperKitHighlightOverlay
    - FlipperKit/FlipperKitLayoutHelpers
    - YogaKit (~> 1.18)
  - FlipperKit/FlipperKitLayoutPlugin (0.93.0):
    - FlipperKit/Core
    - FlipperKit/FlipperKitHighlightOverlay
    - FlipperKit/FlipperKitLayoutHelpers
    - FlipperKit/FlipperKitLayoutIOSDescriptors
    - FlipperKit/FlipperKitLayoutTextSearchable
    - YogaKit (~> 1.18)
  - FlipperKit/FlipperKitLayoutTextSearchable (0.93.0)
  - FlipperKit/FlipperKitNetworkPlugin (0.93.0):
    - FlipperKit/Core
  - FlipperKit/FlipperKitReactPlugin (0.93.0):
    - FlipperKit/Core
  - FlipperKit/FlipperKitUserDefaultsPlugin (0.93.0):
    - FlipperKit/Core
  - FlipperKit/SKIOSNetworkPlugin (0.93.0):
    - FlipperKit/Core
    - FlipperKit/FlipperKitNetworkPlugin
  - fmt (6.2.1)
  - glog (0.3.5)
  - GoogleDataTransport (9.1.2):
    - GoogleUtilities/Environment (~> 7.2)
    - nanopb (~> 2.30908.0)
    - PromisesObjC (< 3.0, >= 1.2)
  - GoogleSignIn (6.0.2):
    - AppAuth (~> 1.4)
    - GTMAppAuth (~> 1.0)
    - GTMSessionFetcher/Core (~> 1.1)
  - GoogleUtilities/AppDelegateSwizzler (7.7.0):
    - GoogleUtilities/Environment
    - GoogleUtilities/Logger
    - GoogleUtilities/Network
  - GoogleUtilities/Environment (7.7.0):
    - PromisesObjC (< 3.0, >= 1.2)
  - GoogleUtilities/Logger (7.7.0):
    - GoogleUtilities/Environment
  - GoogleUtilities/Network (7.7.0):
    - GoogleUtilities/Logger
    - "GoogleUtilities/NSData+zlib"
    - GoogleUtilities/Reachability
  - "GoogleUtilities/NSData+zlib (7.7.0)"
  - GoogleUtilities/Reachability (7.7.0):
    - GoogleUtilities/Logger
  - GTMAppAuth (1.2.2):
    - AppAuth/Core (~> 1.4)
    - GTMSessionFetcher/Core (~> 1.5)
  - GTMSessionFetcher/Core (1.7.0)
  - libevent (2.1.12)
  - nanopb (2.30908.0):
    - nanopb/decode (= 2.30908.0)
    - nanopb/encode (= 2.30908.0)
  - nanopb/decode (2.30908.0)
  - nanopb/encode (2.30908.0)
  - OpenSSL-Universal (1.1.180)
  - PromisesObjC (2.0.0)
  - RCT-Folly (2021.04.26.00):
    - boost-for-react-native
    - DoubleConversion
    - fmt (~> 6.2.1)
    - glog
    - RCT-Folly/Default (= 2021.04.26.00)
  - RCT-Folly/Default (2021.04.26.00):
    - boost-for-react-native
    - DoubleConversion
    - fmt (~> 6.2.1)
    - glog
  - RCTRequired (0.65.2)
  - RCTTypeSafety (0.65.2):
    - FBLazyVector (= 0.65.2)
    - RCT-Folly (= 2021.04.26.00)
    - RCTRequired (= 0.65.2)
    - React-Core (= 0.65.2)
  - React (0.65.2):
    - React-Core (= 0.65.2)
    - React-Core/DevSupport (= 0.65.2)
    - React-Core/RCTWebSocket (= 0.65.2)
    - React-RCTActionSheet (= 0.65.2)
    - React-RCTAnimation (= 0.65.2)
    - React-RCTBlob (= 0.65.2)
    - React-RCTImage (= 0.65.2)
    - React-RCTLinking (= 0.65.2)
    - React-RCTNetwork (= 0.65.2)
    - React-RCTSettings (= 0.65.2)
    - React-RCTText (= 0.65.2)
    - React-RCTVibration (= 0.65.2)
  - React-callinvoker (0.65.2)
  - React-Core (0.65.2):
    - glog
    - RCT-Folly (= 2021.04.26.00)
    - React-Core/Default (= 0.65.2)
    - React-cxxreact (= 0.65.2)
    - React-jsi (= 0.65.2)
    - React-jsiexecutor (= 0.65.2)
    - React-perflogger (= 0.65.2)
    - Yoga
  - React-Core/CoreModulesHeaders (0.65.2):
    - glog
    - RCT-Folly (= 2021.04.26.00)
    - React-Core/Default
    - React-cxxreact (= 0.65.2)
    - React-jsi (= 0.65.2)
    - React-jsiexecutor (= 0.65.2)
    - React-perflogger (= 0.65.2)
    - Yoga
  - React-Core/Default (0.65.2):
    - glog
    - RCT-Folly (= 2021.04.26.00)
    - React-cxxreact (= 0.65.2)
    - React-jsi (= 0.65.2)
    - React-jsiexecutor (= 0.65.2)
    - React-perflogger (= 0.65.2)
    - Yoga
  - React-Core/DevSupport (0.65.2):
    - glog
    - RCT-Folly (= 2021.04.26.00)
    - React-Core/Default (= 0.65.2)
    - React-Core/RCTWebSocket (= 0.65.2)
    - React-cxxreact (= 0.65.2)
    - React-jsi (= 0.65.2)
    - React-jsiexecutor (= 0.65.2)
    - React-jsinspector (= 0.65.2)
    - React-perflogger (= 0.65.2)
    - Yoga
  - React-Core/RCTActionSheetHeaders (0.65.2):
    - glog
    - RCT-Folly (= 2021.04.26.00)
    - React-Core/Default
    - React-cxxreact (= 0.65.2)
    - React-jsi (= 0.65.2)
    - React-jsiexecutor (= 0.65.2)
    - React-perflogger (= 0.65.2)
    - Yoga
  - React-Core/RCTAnimationHeaders (0.65.2):
    - glog
    - RCT-Folly (= 2021.04.26.00)
    - React-Core/Default
    - React-cxxreact (= 0.65.2)
    - React-jsi (= 0.65.2)
    - React-jsiexecutor (= 0.65.2)
    - React-perflogger (= 0.65.2)
    - Yoga
  - React-Core/RCTBlobHeaders (0.65.2):
    - glog
    - RCT-Folly (= 2021.04.26.00)
    - React-Core/Default
    - React-cxxreact (= 0.65.2)
    - React-jsi (= 0.65.2)
    - React-jsiexecutor (= 0.65.2)
    - React-perflogger (= 0.65.2)
    - Yoga
  - React-Core/RCTImageHeaders (0.65.2):
    - glog
    - RCT-Folly (= 2021.04.26.00)
    - React-Core/Default
    - React-cxxreact (= 0.65.2)
    - React-jsi (= 0.65.2)
    - React-jsiexecutor (= 0.65.2)
    - React-perflogger (= 0.65.2)
    - Yoga
  - React-Core/RCTLinkingHeaders (0.65.2):
    - glog
    - RCT-Folly (= 2021.04.26.00)
    - React-Core/Default
    - React-cxxreact (= 0.65.2)
    - React-jsi (= 0.65.2)
    - React-jsiexecutor (= 0.65.2)
    - React-perflogger (= 0.65.2)
    - Yoga
  - React-Core/RCTNetworkHeaders (0.65.2):
    - glog
    - RCT-Folly (= 2021.04.26.00)
    - React-Core/Default
    - React-cxxreact (= 0.65.2)
    - React-jsi (= 0.65.2)
    - React-jsiexecutor (= 0.65.2)
    - React-perflogger (= 0.65.2)
    - Yoga
  - React-Core/RCTSettingsHeaders (0.65.2):
    - glog
    - RCT-Folly (= 2021.04.26.00)
    - React-Core/Default
    - React-cxxreact (= 0.65.2)
    - React-jsi (= 0.65.2)
    - React-jsiexecutor (= 0.65.2)
    - React-perflogger (= 0.65.2)
    - Yoga
  - React-Core/RCTTextHeaders (0.65.2):
    - glog
    - RCT-Folly (= 2021.04.26.00)
    - React-Core/Default
    - React-cxxreact (= 0.65.2)
    - React-jsi (= 0.65.2)
    - React-jsiexecutor (= 0.65.2)
    - React-perflogger (= 0.65.2)
    - Yoga
  - React-Core/RCTVibrationHeaders (0.65.2):
    - glog
    - RCT-Folly (= 2021.04.26.00)
    - React-Core/Default
    - React-cxxreact (= 0.65.2)
    - React-jsi (= 0.65.2)
    - React-jsiexecutor (= 0.65.2)
    - React-perflogger (= 0.65.2)
    - Yoga
  - React-Core/RCTWebSocket (0.65.2):
    - glog
    - RCT-Folly (= 2021.04.26.00)
    - React-Core/Default (= 0.65.2)
    - React-cxxreact (= 0.65.2)
    - React-jsi (= 0.65.2)
    - React-jsiexecutor (= 0.65.2)
    - React-perflogger (= 0.65.2)
    - Yoga
  - React-CoreModules (0.65.2):
    - FBReactNativeSpec (= 0.65.2)
    - RCT-Folly (= 2021.04.26.00)
    - RCTTypeSafety (= 0.65.2)
    - React-Core/CoreModulesHeaders (= 0.65.2)
    - React-jsi (= 0.65.2)
    - React-RCTImage (= 0.65.2)
    - ReactCommon/turbomodule/core (= 0.65.2)
  - React-cxxreact (0.65.2):
    - boost-for-react-native (= 1.63.0)
    - DoubleConversion
    - glog
    - RCT-Folly (= 2021.04.26.00)
    - React-callinvoker (= 0.65.2)
    - React-jsi (= 0.65.2)
    - React-jsinspector (= 0.65.2)
    - React-perflogger (= 0.65.2)
    - React-runtimeexecutor (= 0.65.2)
  - React-jsi (0.65.2):
    - boost-for-react-native (= 1.63.0)
    - DoubleConversion
    - glog
    - RCT-Folly (= 2021.04.26.00)
    - React-jsi/Default (= 0.65.2)
  - React-jsi/Default (0.65.2):
    - boost-for-react-native (= 1.63.0)
    - DoubleConversion
    - glog
    - RCT-Folly (= 2021.04.26.00)
  - React-jsiexecutor (0.65.2):
    - DoubleConversion
    - glog
    - RCT-Folly (= 2021.04.26.00)
    - React-cxxreact (= 0.65.2)
    - React-jsi (= 0.65.2)
    - React-perflogger (= 0.65.2)
  - React-jsinspector (0.65.2)
  - react-native-fbsdk-next (7.1.0):
    - React-Core
    - react-native-fbsdk-next/Core (= 7.1.0)
    - react-native-fbsdk-next/Login (= 7.1.0)
    - react-native-fbsdk-next/Share (= 7.1.0)
  - react-native-fbsdk-next/Core (7.1.0):
    - FBSDKCoreKit (~> 12.3.2)
    - React-Core
  - react-native-fbsdk-next/Login (7.1.0):
    - FBSDKLoginKit (~> 12.3.2)
    - React-Core
  - react-native-fbsdk-next/Share (7.1.0):
    - FBSDKShareKit (~> 12.3.2)
    - React-Core
  - react-native-safe-area-context (3.4.0):
    - React-Core
  - React-perflogger (0.65.2)
  - React-RCTActionSheet (0.65.2):
    - React-Core/RCTActionSheetHeaders (= 0.65.2)
  - React-RCTAnimation (0.65.2):
    - FBReactNativeSpec (= 0.65.2)
    - RCT-Folly (= 2021.04.26.00)
    - RCTTypeSafety (= 0.65.2)
    - React-Core/RCTAnimationHeaders (= 0.65.2)
    - React-jsi (= 0.65.2)
    - ReactCommon/turbomodule/core (= 0.65.2)
  - React-RCTBlob (0.65.2):
    - FBReactNativeSpec (= 0.65.2)
    - RCT-Folly (= 2021.04.26.00)
    - React-Core/RCTBlobHeaders (= 0.65.2)
    - React-Core/RCTWebSocket (= 0.65.2)
    - React-jsi (= 0.65.2)
    - React-RCTNetwork (= 0.65.2)
    - ReactCommon/turbomodule/core (= 0.65.2)
  - React-RCTImage (0.65.2):
    - FBReactNativeSpec (= 0.65.2)
    - RCT-Folly (= 2021.04.26.00)
    - RCTTypeSafety (= 0.65.2)
    - React-Core/RCTImageHeaders (= 0.65.2)
    - React-jsi (= 0.65.2)
    - React-RCTNetwork (= 0.65.2)
    - ReactCommon/turbomodule/core (= 0.65.2)
  - React-RCTLinking (0.65.2):
    - FBReactNativeSpec (= 0.65.2)
    - React-Core/RCTLinkingHeaders (= 0.65.2)
    - React-jsi (= 0.65.2)
    - ReactCommon/turbomodule/core (= 0.65.2)
  - React-RCTNetwork (0.65.2):
    - FBReactNativeSpec (= 0.65.2)
    - RCT-Folly (= 2021.04.26.00)
    - RCTTypeSafety (= 0.65.2)
    - React-Core/RCTNetworkHeaders (= 0.65.2)
    - React-jsi (= 0.65.2)
    - ReactCommon/turbomodule/core (= 0.65.2)
  - React-RCTSettings (0.65.2):
    - FBReactNativeSpec (= 0.65.2)
    - RCT-Folly (= 2021.04.26.00)
    - RCTTypeSafety (= 0.65.2)
    - React-Core/RCTSettingsHeaders (= 0.65.2)
    - React-jsi (= 0.65.2)
    - ReactCommon/turbomodule/core (= 0.65.2)
  - React-RCTText (0.65.2):
    - React-Core/RCTTextHeaders (= 0.65.2)
  - React-RCTVibration (0.65.2):
    - FBReactNativeSpec (= 0.65.2)
    - RCT-Folly (= 2021.04.26.00)
    - React-Core/RCTVibrationHeaders (= 0.65.2)
    - React-jsi (= 0.65.2)
    - ReactCommon/turbomodule/core (= 0.65.2)
  - React-runtimeexecutor (0.65.2):
    - React-jsi (= 0.65.2)
  - ReactCommon/turbomodule/core (0.65.2):
    - DoubleConversion
    - glog
    - RCT-Folly (= 2021.04.26.00)
    - React-callinvoker (= 0.65.2)
    - React-Core (= 0.65.2)
    - React-cxxreact (= 0.65.2)
    - React-jsi (= 0.65.2)
    - React-perflogger (= 0.65.2)
  - RNCMaskedView (0.1.11):
    - React
  - RNFBApp (14.5.0):
    - Firebase/CoreOnly (= 8.12.1)
    - React-Core
  - RNFBAuth (14.5.0):
    - Firebase/Auth (= 8.12.1)
    - React-Core
    - RNFBApp
  - RNGestureHandler (2.2.0):
    - React-Core
  - RNGoogleSignin (7.0.4):
    - GoogleSignIn (~> 6.0.0)
    - React-Core
  - RNReanimated (2.4.1):
    - DoubleConversion
    - FBLazyVector
    - FBReactNativeSpec
    - glog
    - RCT-Folly
    - RCTRequired
    - RCTTypeSafety
    - React
    - React-callinvoker
    - React-Core
    - React-Core/DevSupport
    - React-Core/RCTWebSocket
    - React-CoreModules
    - React-cxxreact
    - React-jsi
    - React-jsiexecutor
    - React-jsinspector
    - React-RCTActionSheet
    - React-RCTAnimation
    - React-RCTBlob
    - React-RCTImage
    - React-RCTLinking
    - React-RCTNetwork
    - React-RCTSettings
    - React-RCTText
    - ReactCommon/turbomodule/core
    - Yoga
  - RNScreens (3.11.1):
    - React-Core
    - React-RCTImage
  - Yoga (1.14.0)
  - YogaKit (1.18.1):
    - Yoga (~> 1.14)

DEPENDENCIES:
  - DoubleConversion (from `../node_modules/react-native/third-party-podspecs/DoubleConversion.podspec`)
  - FBLazyVector (from `../node_modules/react-native/Libraries/FBLazyVector`)
  - FBReactNativeSpec (from `../node_modules/react-native/React/FBReactNativeSpec`)
  - Flipper (= 0.93.0)
  - Flipper-Boost-iOSX (= 1.76.0.1.11)
  - Flipper-DoubleConversion (= 3.1.7)
  - Flipper-Fmt (= 7.1.7)
  - Flipper-Folly (= 2.6.7)
  - Flipper-Glog (= 0.3.6)
  - Flipper-PeerTalk (= 0.0.4)
  - Flipper-RSocket (= 1.4.3)
  - FlipperKit (= 0.93.0)
  - FlipperKit/Core (= 0.93.0)
  - FlipperKit/CppBridge (= 0.93.0)
  - FlipperKit/FBCxxFollyDynamicConvert (= 0.93.0)
  - FlipperKit/FBDefines (= 0.93.0)
  - FlipperKit/FKPortForwarding (= 0.93.0)
  - FlipperKit/FlipperKitHighlightOverlay (= 0.93.0)
  - FlipperKit/FlipperKitLayoutPlugin (= 0.93.0)
  - FlipperKit/FlipperKitLayoutTextSearchable (= 0.93.0)
  - FlipperKit/FlipperKitNetworkPlugin (= 0.93.0)
  - FlipperKit/FlipperKitReactPlugin (= 0.93.0)
  - FlipperKit/FlipperKitUserDefaultsPlugin (= 0.93.0)
  - FlipperKit/SKIOSNetworkPlugin (= 0.93.0)
  - glog (from `../node_modules/react-native/third-party-podspecs/glog.podspec`)
  - RCT-Folly (from `../node_modules/react-native/third-party-podspecs/RCT-Folly.podspec`)
  - RCTRequired (from `../node_modules/react-native/Libraries/RCTRequired`)
  - RCTTypeSafety (from `../node_modules/react-native/Libraries/TypeSafety`)
  - React (from `../node_modules/react-native/`)
  - React-callinvoker (from `../node_modules/react-native/ReactCommon/callinvoker`)
  - React-Core (from `../node_modules/react-native/`)
  - React-Core/DevSupport (from `../node_modules/react-native/`)
  - React-Core/RCTWebSocket (from `../node_modules/react-native/`)
  - React-CoreModules (from `../node_modules/react-native/React/CoreModules`)
  - React-cxxreact (from `../node_modules/react-native/ReactCommon/cxxreact`)
  - React-jsi (from `../node_modules/react-native/ReactCommon/jsi`)
  - React-jsiexecutor (from `../node_modules/react-native/ReactCommon/jsiexecutor`)
  - React-jsinspector (from `../node_modules/react-native/ReactCommon/jsinspector`)
  - react-native-fbsdk-next (from `../node_modules/react-native-fbsdk-next`)
  - react-native-safe-area-context (from `../node_modules/react-native-safe-area-context`)
  - React-perflogger (from `../node_modules/react-native/ReactCommon/reactperflogger`)
  - React-RCTActionSheet (from `../node_modules/react-native/Libraries/ActionSheetIOS`)
  - React-RCTAnimation (from `../node_modules/react-native/Libraries/NativeAnimation`)
  - React-RCTBlob (from `../node_modules/react-native/Libraries/Blob`)
  - React-RCTImage (from `../node_modules/react-native/Libraries/Image`)
  - React-RCTLinking (from `../node_modules/react-native/Libraries/LinkingIOS`)
  - React-RCTNetwork (from `../node_modules/react-native/Libraries/Network`)
  - React-RCTSettings (from `../node_modules/react-native/Libraries/Settings`)
  - React-RCTText (from `../node_modules/react-native/Libraries/Text`)
  - React-RCTVibration (from `../node_modules/react-native/Libraries/Vibration`)
  - React-runtimeexecutor (from `../node_modules/react-native/ReactCommon/runtimeexecutor`)
  - ReactCommon/turbomodule/core (from `../node_modules/react-native/ReactCommon`)
  - "RNCMaskedView (from `../node_modules/@react-native-community/masked-view`)"
  - "RNFBApp (from `../node_modules/@react-native-firebase/app`)"
  - "RNFBAuth (from `../node_modules/@react-native-firebase/auth`)"
  - RNGestureHandler (from `../node_modules/react-native-gesture-handler`)
  - "RNGoogleSignin (from `../node_modules/@react-native-google-signin/google-signin`)"
  - RNReanimated (from `../node_modules/react-native-reanimated`)
  - RNScreens (from `../node_modules/react-native-screens`)
  - Yoga (from `../node_modules/react-native/ReactCommon/yoga`)

SPEC REPOS:
  trunk:
    - AppAuth
    - boost-for-react-native
    - CocoaAsyncSocket
    - FBAEMKit
    - FBSDKCoreKit
    - FBSDKCoreKit_Basics
    - FBSDKLoginKit
    - FBSDKShareKit
    - Firebase
    - FirebaseAuth
    - FirebaseCore
    - FirebaseCoreDiagnostics
    - Flipper
    - Flipper-Boost-iOSX
    - Flipper-DoubleConversion
    - Flipper-Fmt
    - Flipper-Folly
    - Flipper-Glog
    - Flipper-PeerTalk
    - Flipper-RSocket
    - FlipperKit
    - fmt
    - GoogleDataTransport
    - GoogleSignIn
    - GoogleUtilities
    - GTMAppAuth
    - GTMSessionFetcher
    - libevent
    - nanopb
    - OpenSSL-Universal
    - PromisesObjC
    - YogaKit

EXTERNAL SOURCES:
  DoubleConversion:
    :podspec: "../node_modules/react-native/third-party-podspecs/DoubleConversion.podspec"
  FBLazyVector:
    :path: "../node_modules/react-native/Libraries/FBLazyVector"
  FBReactNativeSpec:
    :path: "../node_modules/react-native/React/FBReactNativeSpec"
  glog:
    :podspec: "../node_modules/react-native/third-party-podspecs/glog.podspec"
  RCT-Folly:
    :podspec: "../node_modules/react-native/third-party-podspecs/RCT-Folly.podspec"
  RCTRequired:
    :path: "../node_modules/react-native/Libraries/RCTRequired"
  RCTTypeSafety:
    :path: "../node_modules/react-native/Libraries/TypeSafety"
  React:
    :path: "../node_modules/react-native/"
  React-callinvoker:
    :path: "../node_modules/react-native/ReactCommon/callinvoker"
  React-Core:
    :path: "../node_modules/react-native/"
  React-CoreModules:
    :path: "../node_modules/react-native/React/CoreModules"
  React-cxxreact:
    :path: "../node_modules/react-native/ReactCommon/cxxreact"
  React-jsi:
    :path: "../node_modules/react-native/ReactCommon/jsi"
  React-jsiexecutor:
    :path: "../node_modules/react-native/ReactCommon/jsiexecutor"
  React-jsinspector:
    :path: "../node_modules/react-native/ReactCommon/jsinspector"
  react-native-fbsdk-next:
    :path: "../node_modules/react-native-fbsdk-next"
  react-native-safe-area-context:
    :path: "../node_modules/react-native-safe-area-context"
  React-perflogger:
    :path: "../node_modules/react-native/ReactCommon/reactperflogger"
  React-RCTActionSheet:
    :path: "../node_modules/react-native/Libraries/ActionSheetIOS"
  React-RCTAnimation:
    :path: "../node_modules/react-native/Libraries/NativeAnimation"
  React-RCTBlob:
    :path: "../node_modules/react-native/Libraries/Blob"
  React-RCTImage:
    :path: "../node_modules/react-native/Libraries/Image"
  React-RCTLinking:
    :path: "../node_modules/react-native/Libraries/LinkingIOS"
  React-RCTNetwork:
    :path: "../node_modules/react-native/Libraries/Network"
  React-RCTSettings:
    :path: "../node_modules/react-native/Libraries/Settings"
  React-RCTText:
    :path: "../node_modules/react-native/Libraries/Text"
  React-RCTVibration:
    :path: "../node_modules/react-native/Libraries/Vibration"
  React-runtimeexecutor:
    :path: "../node_modules/react-native/ReactCommon/runtimeexecutor"
  ReactCommon:
    :path: "../node_modules/react-native/ReactCommon"
  RNCMaskedView:
    :path: "../node_modules/@react-native-community/masked-view"
  RNFBApp:
    :path: "../node_modules/@react-native-firebase/app"
  RNFBAuth:
    :path: "../node_modules/@react-native-firebase/auth"
  RNGestureHandler:
    :path: "../node_modules/react-native-gesture-handler"
  RNGoogleSignin:
    :path: "../node_modules/@react-native-google-signin/google-signin"
  RNReanimated:
    :path: "../node_modules/react-native-reanimated"
  RNScreens:
    :path: "../node_modules/react-native-screens"
  Yoga:
    :path: "../node_modules/react-native/ReactCommon/yoga"

SPEC CHECKSUMS:
  AppAuth: 31bcec809a638d7bd2f86ea8a52bd45f6e81e7c7
  boost-for-react-native: 39c7adb57c4e60d6c5479dd8623128eb5b3f0f2c
  CocoaAsyncSocket: 065fd1e645c7abab64f7a6a2007a48038fdc6a99
  DoubleConversion: 831926d9b8bf8166fd87886c4abab286c2422662
  FBAEMKit: 955ca52eba8219c20f90774e8c6ff8bc7b3192a3
  FBLazyVector: da2f5e2c1244ccd895cd1c9e30284a6140d757cb
  FBReactNativeSpec: fe46c577739a1b11991fd671109bf1d7380cafd0
  FBSDKCoreKit: 678f64eda3f0ff25c189c2ebbfe87b1d96a85a6d
  FBSDKCoreKit_Basics: 6bee7c1f0932432901781203fa5e587ec5099148
  FBSDKLoginKit: 56d55e23fe66a6db045826190b0b4dbc0e1ca0a0
  FBSDKShareKit: 4ef957addab76816116ea92bd872e792f7137669
  Firebase: 580d09e8edafc3073ebf09c03fd42e4d80d35fe9
  FirebaseAuth: 5250d7bdba35e57cc34ec7ddc525f82b2757f2a0
  FirebaseCore: 8138de860a90ca7eec5e324da5788fb0ebf1d93c
  FirebaseCoreDiagnostics: 3b40dfadef5b90433a60ae01f01e90fe87aa76aa
  Flipper: b1fddf9a17c32097b2b4c806ad158b2f36bb2692
  Flipper-Boost-iOSX: fd1e2b8cbef7e662a122412d7ac5f5bea715403c
  Flipper-DoubleConversion: 57ffbe81ef95306cc9e69c4aa3aeeeeb58a6a28c
  Flipper-Fmt: 60cbdd92fc254826e61d669a5d87ef7015396a9b
  Flipper-Folly: 83af37379faa69497529e414bd43fbfc7cae259a
  Flipper-Glog: 1dfd6abf1e922806c52ceb8701a3599a79a200a6
  Flipper-PeerTalk: 116d8f857dc6ef55c7a5a75ea3ceaafe878aadc9
  Flipper-RSocket: d9d9ade67cbecf6ac10730304bf5607266dd2541
  FlipperKit: aec2d931adeee48a07bab1ea8bcc8a6bb87dfce4
  fmt: ff9d55029c625d3757ed641535fd4a75fedc7ce9
  glog: 5337263514dd6f09803962437687240c5dc39aa4
  GoogleDataTransport: 629c20a4d363167143f30ea78320d5a7eb8bd940
  GoogleSignIn: fd381840dbe7c1137aa6dc30849a5c3e070c034a
  GoogleUtilities: e0913149f6b0625b553d70dae12b49fc62914fd1
  GTMAppAuth: ad5c2b70b9a8689e1a04033c9369c4915bfcbe89
  GTMSessionFetcher: 43748f93435c2aa068b1cbe39655aaf600652e91
  libevent: 4049cae6c81cdb3654a443be001fb9bdceff7913
  nanopb: a0ba3315591a9ae0a16a309ee504766e90db0c96
  OpenSSL-Universal: 1aa4f6a6ee7256b83db99ec1ccdaa80d10f9af9b
  PromisesObjC: 68159ce6952d93e17b2dfe273b8c40907db5ba58
  RCT-Folly: 0dd9e1eb86348ecab5ba76f910b56f4b5fef3c46
  RCTRequired: 1b65ab453de585b0f939824780bd26cdf6fb07f8
  RCTTypeSafety: 31f76e2d6734fe3c8084ac9d39201c4a1a3c5b42
  React: 835539d198c491e192baee943dbc8e33201caf71
  React-callinvoker: ec20c8308090a0559d85daa78dab462a439878eb
  React-Core: 193d340a2d8ee3df13fc81f6642666ab549f4421
  React-CoreModules: eee461adb783d86d02fe918983c56b8c61747414
  React-cxxreact: 04f25cc29a8ad807da4ad11496ff75c2880c2bbc
  React-jsi: 29873f0fc48b330fbdd159f09df6d88e69c0f7dd
  React-jsiexecutor: 0fe3300621eb92ce5ae573560a88d24eb8818392
  React-jsinspector: d6addf5799e8dbf9d27b3191810225f0276dfb2d
  react-native-fbsdk-next: 7fa197c23545e36aa7549ef1ede3a63669981bc5
  react-native-safe-area-context: f4f7cc09d81ae2d39dfd13e764d718969af07080
  React-perflogger: 939564c838f8b6ec099b4f858559f0f406c99745
  React-RCTActionSheet: b5135d36ee35ebd883c4fe043db7bd8cbba7516e
  React-RCTAnimation: 93aeefce33bb73f8d82132d7a362819676e1d1e4
  React-RCTBlob: b18d6be433c207cff2e91883ff8de611c189038b
  React-RCTImage: 6640014085834dccf32c7ab276321db008830d28
  React-RCTLinking: ebefa580d6112239a81c26169170ff6c0787ecf7
  React-RCTNetwork: b9c9ec9d63272a580c0a7132c7c969ffb34c0b72
  React-RCTSettings: 32b99076fef72bc7aa46b7ec6196bba406bfbaa7
  React-RCTText: 4873ae2139238f537ee64a620718a1dde0aa454c
  React-RCTVibration: ccbce3086f3a296f2773d1d4feb7d4e56b0d5737
  React-runtimeexecutor: 5bedf6e704373fe9f0cc54aa35a112e5b0051b94
  ReactCommon: bf5dc45e9ec73a75f00de565f2519d6f8594ddf5
  RNCMaskedView: 0e1bc4bfa8365eba5fbbb71e07fbdc0555249489
  RNFBApp: 06c8447270d295edc431bccd55970d8711a07a42
  RNFBAuth: e248a56b1d28d3b53b54b72a296cf9270df1d96e
  RNGestureHandler: bf572f552ea324acd5b5464b8d30755b2d8c1de6
  RNGoogleSignin: c4381751eefd73c552b923ba347a9bfc6f18771c
  RNReanimated: f1b73ebfdd510dc56b8970bf19444cb0d5acd35a
  RNScreens: 4d83613b50b74ed277026375dc0810893b0c347f
  Yoga: e6db7a0be0e80eeb70c04663605e4f6a050ab013
  YogaKit: f782866e155069a2cca2517aafea43200b01fd5a

PODFILE CHECKSUM: 9a1cba315804287843e4aa03f0ce80c37d6f13fb

COCOAPODS: 1.11.2
